
Microsoft Visual Studio Solution File, Format Version 12.00
# Visual Studio 15
Project("{FAE04EC0-301F-11D3-BF4B-00C04F79EFBC}") = "SteamVR", "SteamVR.csproj", "{187C34DF-8E8E-669B-816F-DD662B099764}"
EndProject
Project("{FAE04EC0-301F-11D3-BF4B-00C04F79EFBC}") = "TobiiXRDevTools", "TobiiXRDevTools.csproj", "{66D51EB5-3B5A-CEEA-1AE0-957FB15582CE}"
EndProject
Project("{FAE04EC0-301F-11D3-BF4B-00C04F79EFBC}") = "Assembly-CSharp", "Assembly-CSharp.csproj", "{D4468F2A-EAC3-A6A5-368F-6193B26DF2BE}"
EndProject
Project("{FAE04EC0-301F-11D3-BF4B-00C04F79EFBC}") = "TobiiXRCore", "TobiiXRCore.csproj", "{96548B8A-2A7B-7E38-B408-301080AFA041}"
EndProject
Project("{FAE04EC0-301F-11D3-BF4B-00C04F79EFBC}") = "SteamVR_Actions", "SteamVR_Actions.csproj", "{AAA1503F-5731-8CAB-867B-03B9364661C4}"
EndProject
Project("{FAE04EC0-301F-11D3-BF4B-00C04F79EFBC}") = "TobiiXRG2OM", "TobiiXRG2OM.csproj", "{8AC9CDA2-DC72-313C-8A35-C7819DAE260C}"
EndProject
Project("{FAE04EC0-301F-11D3-BF4B-00C04F79EFBC}") = "TobiiXRSDK", "TobiiXRSDK.csproj", "{0EC66DAD-5810-AACC-9DA7-08917F2F9D19}"
EndProject
Project("{FAE04EC0-301F-11D3-BF4B-00C04F79EFBC}") = "SteamVR_Editor", "SteamVR_Editor.csproj", "{BF019032-9BED-D2B0-8CCC-2E3D18CECB23}"
EndProject
Project("{FAE04EC0-301F-11D3-BF4B-00C04F79EFBC}") = "SteamVR_Input_Editor", "SteamVR_Input_Editor.csproj", "{DDE1D53B-D48F-B019-16BE-3C81289037B8}"
EndProject
Project("{FAE04EC0-301F-11D3-BF4B-00C04F79EFBC}") = "TobiiXRInternalEditor", "TobiiXRInternalEditor.csproj", "{9CD9C951-E370-9150-73BA-791B201068C6}"
EndProject
Project("{FAE04EC0-301F-11D3-BF4B-00C04F79EFBC}") = "SteamVR_Windows_EditorHelper", "SteamVR_Windows_EditorHelper.csproj", "{33DC9AA6-7799-6BA0-DDD7-3CF8FED0A727}"
EndProject
Project("{FAE04EC0-301F-11D3-BF4B-00C04F79EFBC}") = "Assembly-CSharp-Editor", "Assembly-CSharp-Editor.csproj", "{42E5F91F-5650-9480-4103-F9306AAFCA3D}"
EndProject
Project("{FAE04EC0-301F-11D3-BF4B-00C04F79EFBC}") = "TobiiXREditor", "TobiiXREditor.csproj", "{AC772BA2-48E5-F2D9-1A83-77492E0A8C37}"
EndProject
Project("{FAE04EC0-301F-11D3-BF4B-00C04F79EFBC}") = "GazeModifierEditor", "GazeModifierEditor.csproj", "{D8C39AEF-DA79-877C-5367-B87D2989B479}"
EndProject
Global
	GlobalSection(SolutionConfigurationPlatforms) = preSolution
		Debug|Any CPU = Debug|Any CPU
		Release|Any CPU = Release|Any CPU
	EndGlobalSection
	GlobalSection(ProjectConfigurationPlatforms) = postSolution
		{187C34DF-8E8E-669B-816F-DD662B099764}.Debug|Any CPU.ActiveCfg = Debug|Any CPU
		{187C34DF-8E8E-669B-816F-DD662B099764}.Debug|Any CPU.Build.0 = Debug|Any CPU
		{187C34DF-8E8E-669B-816F-DD662B099764}.Release|Any CPU.ActiveCfg = Release|Any CPU
		{187C34DF-8E8E-669B-816F-DD662B099764}.Release|Any CPU.Build.0 = Release|Any CPU
		{66D51EB5-3B5A-CEEA-1AE0-957FB15582CE}.Debug|Any CPU.ActiveCfg = Debug|Any CPU
		{66D51EB5-3B5A-CEEA-1AE0-957FB15582CE}.Debug|Any CPU.Build.0 = Debug|Any CPU
		{66D51EB5-3B5A-CEEA-1AE0-957FB15582CE}.Release|Any CPU.ActiveCfg = Release|Any CPU
		{66D51EB5-3B5A-CEEA-1AE0-957FB15582CE}.Release|Any CPU.Build.0 = Release|Any CPU
		{D4468F2A-EAC3-A6A5-368F-6193B26DF2BE}.Debug|Any CPU.ActiveCfg = Debug|Any CPU
		{D4468F2A-EAC3-A6A5-368F-6193B26DF2BE}.Debug|Any CPU.Build.0 = Debug|Any CPU
		{D4468F2A-EAC3-A6A5-368F-6193B26DF2BE}.Release|Any CPU.ActiveCfg = Release|Any CPU
		{D4468F2A-EAC3-A6A5-368F-6193B26DF2BE}.Release|Any CPU.Build.0 = Release|Any CPU
		{96548B8A-2A7B-7E38-B408-301080AFA041}.Debug|Any CPU.ActiveCfg = Debug|Any CPU
		{96548B8A-2A7B-7E38-B408-301080AFA041}.Debug|Any CPU.Build.0 = Debug|Any CPU
		{96548B8A-2A7B-7E38-B408-301080AFA041}.Release|Any CPU.ActiveCfg = Release|Any CPU
		{96548B8A-2A7B-7E38-B408-301080AFA041}.Release|Any CPU.Build.0 = Release|Any CPU
		{AAA1503F-5731-8CAB-867B-03B9364661C4}.Debug|Any CPU.ActiveCfg = Debug|Any CPU
		{AAA1503F-5731-8CAB-867B-03B9364661C4}.Debug|Any CPU.Build.0 = Debug|Any CPU
		{AAA1503F-5731-8CAB-867B-03B9364661C4}.Release|Any CPU.ActiveCfg = Release|Any CPU
		{AAA1503F-5731-8CAB-867B-03B9364661C4}.Release|Any CPU.Build.0 = Release|Any CPU
		{8AC9CDA2-DC72-313C-8A35-C7819DAE260C}.Debug|Any CPU.ActiveCfg = Debug|Any CPU
		{8AC9CDA2-DC72-313C-8A35-C7819DAE260C}.Debug|Any CPU.Build.0 = Debug|Any CPU
		{8AC9CDA2-DC72-313C-8A35-C7819DAE260C}.Release|Any CPU.ActiveCfg = Release|Any CPU
		{8AC9CDA2-DC72-313C-8A35-C7819DAE260C}.Release|Any CPU.Build.0 = Release|Any CPU
		{0EC66DAD-5810-AACC-9DA7-08917F2F9D19}.Debug|Any CPU.ActiveCfg = Debug|Any CPU
		{0EC66DAD-5810-AACC-9DA7-08917F2F9D19}.Debug|Any CPU.Build.0 = Debug|Any CPU
		{0EC66DAD-5810-AACC-9DA7-08917F2F9D19}.Release|Any CPU.ActiveCfg = Release|Any CPU
		{0EC66DAD-5810-AACC-9DA7-08917F2F9D19}.Release|Any CPU.Build.0 = Release|Any CPU
		{BF019032-9BED-D2B0-8CCC-2E3D18CECB23}.Debug|Any CPU.ActiveCfg = Debug|Any CPU
		{BF019032-9BED-D2B0-8CCC-2E3D18CECB23}.Debug|Any CPU.Build.0 = Debug|Any CPU
		{BF019032-9BED-D2B0-8CCC-2E3D18CECB23}.Release|Any CPU.ActiveCfg = Release|Any CPU
		{BF019032-9BED-D2B0-8CCC-2E3D18CECB23}.Release|Any CPU.Build.0 = Release|Any CPU
		{DDE1D53B-D48F-B019-16BE-3C81289037B8}.Debug|Any CPU.ActiveCfg = Debug|Any CPU
		{DDE1D53B-D48F-B019-16BE-3C81289037B8}.Debug|Any CPU.Build.0 = Debug|Any CPU
		{DDE1D53B-D48F-B019-16BE-3C81289037B8}.Release|Any CPU.ActiveCfg = Release|Any CPU
		{DDE1D53B-D48F-B019-16BE-3C81289037B8}.Release|Any CPU.Build.0 = Release|Any CPU
		{9CD9C951-E370-9150-73BA-791B201068C6}.Debug|Any CPU.ActiveCfg = Debug|Any CPU
		{9CD9C951-E370-9150-73BA-791B201068C6}.Debug|Any CPU.Build.0 = Debug|Any CPU
		{9CD9C951-E370-9150-73BA-791B201068C6}.Release|Any CPU.ActiveCfg = Release|Any CPU
		{9CD9C951-E370-9150-73BA-791B201068C6}.Release|Any CPU.Build.0 = Release|Any CPU
		{33DC9AA6-7799-6BA0-DDD7-3CF8FED0A727}.Debug|Any CPU.ActiveCfg = Debug|Any CPU
		{33DC9AA6-7799-6BA0-DDD7-3CF8FED0A727}.Debug|Any CPU.Build.0 = Debug|Any CPU
		{33DC9AA6-7799-6BA0-DDD7-3CF8FED0A727}.Release|Any CPU.ActiveCfg = Release|Any CPU
		{33DC9AA6-7799-6BA0-DDD7-3CF8FED0A727}.Release|Any CPU.Build.0 = Release|Any CPU
		{42E5F91F-5650-9480-4103-F9306AAFCA3D}.Debug|Any CPU.ActiveCfg = Debug|Any CPU
		{42E5F91F-5650-9480-4103-F9306AAFCA3D}.Debug|Any CPU.Build.0 = Debug|Any CPU
		{42E5F91F-5650-9480-4103-F9306AAFCA3D}.Release|Any CPU.ActiveCfg = Release|Any CPU
		{42E5F91F-5650-9480-4103-F9306AAFCA3D}.Release|Any CPU.Build.0 = Release|Any CPU
		{AC772BA2-48E5-F2D9-1A83-77492E0A8C37}.Debug|Any CPU.ActiveCfg = Debug|Any CPU
		{AC772BA2-48E5-F2D9-1A83-77492E0A8C37}.Debug|Any CPU.Build.0 = Debug|Any CPU
		{AC772BA2-48E5-F2D9-1A83-77492E0A8C37}.Release|Any CPU.ActiveCfg = Release|Any CPU
		{AC772BA2-48E5-F2D9-1A83-77492E0A8C37}.Release|Any CPU.Build.0 = Release|Any CPU
		{D8C39AEF-DA79-877C-5367-B87D2989B479}.Debug|Any CPU.ActiveCfg = Debug|Any CPU
		{D8C39AEF-DA79-877C-5367-B87D2989B479}.Debug|Any CPU.Build.0 = Debug|Any CPU
		{D8C39AEF-DA79-877C-5367-B87D2989B479}.Release|Any CPU.ActiveCfg = Release|Any CPU
		{D8C39AEF-DA79-877C-5367-B87D2989B479}.Release|Any CPU.Build.0 = Release|Any CPU
	EndGlobalSection
	GlobalSection(SolutionProperties) = preSolution
		HideSolutionNode = FALSE
	EndGlobalSection
EndGlobal
